github.com/adityatelange/hugo-PaperMod v0.0.0-20220806064041-3e544a3ebd21 h1:YMhT9VIhmEsyt7VNo3+IYkwxjpQt/oRukzU5vt6mOkM=
github.com/adityatelange/hugo-PaperMod v0.0.0-20220806064041-3e544a3ebd21/go.mod h1:HCHxNMKYdGafUYjVV3ICiAqznZK2yH0iI53jqcDFDdQ=
github.com/divinerites/plausible-hugo v1.16.0 h1:ISjiOcx0jpG3BHVgmO8bnrVMHRialwjye0AT0k5PA/o=
github.com/divinerites/plausible-hugo v1.16.0/go.mod h1:cxr+YB3FUwbLon8KCs4pV4Ankbkq6lJxTQUpNb5KqPo=
